// !$*UTF8*$!
{
	archiveVersion = 1;
	classes = {
	};
	objectVersion = 46;
	objects = {

/* Begin PBXBuildFile section */
		C37056201F56AC210029C0E4 /* AppDelegate.swift in Sources */ = {isa = PBXBuildFile; fileRef = C370561F1F56AC210029C0E4 /* AppDelegate.swift */; };
		C37056221F56AC210029C0E4 /* ViewController.swift in Sources */ = {isa = PBXBuildFile; fileRef = C37056211F56AC210029C0E4 /* ViewController.swift */; };
		C37056251F56AC210029C0E4 /* Main.storyboard in Resources */ = {isa = PBXBuildFile; fileRef = C37056231F56AC210029C0E4 /* Main.storyboard */; };
		C37056271F56AC210029C0E4 /* Assets.xcassets in Resources */ = {isa = PBXBuildFile; fileRef = C37056261F56AC210029C0E4 /* Assets.xcassets */; };
		C370562A1F56AC210029C0E4 /* LaunchScreen.storyboard in Resources */ = {isa = PBXBuildFile; fileRef = C37056281F56AC210029C0E4 /* LaunchScreen.storyboard */; };
/* End PBXBuildFile section */

/* Begin PBXFileReference section */
		C370561C1F56AC210029C0E4 /* ATK_BLE_LECT.app */ = {isa = PBXFileReference; explicitFileType = wrapper.application; includeInIndex = 0; path = ATK_BLE_LECT.app; sourceTree = BUILT_PRODUCTS_DIR; };
		C370561F1F56AC210029C0E4 /* AppDelegate.swift */ = {isa = PBXFileReference; lastKnownFileType = sourcecode.swift; path = AppDelegate.swift; sourceTree = "<group>"; };
		C37056211F56AC210029C0E4 /* ViewController.swift */ = {isa = PBXFileReference; lastKnownFileType = sourcecode.swift; path = ViewController.swift; sourceTree = "<group>"; };
		C37056241F56AC210029C0E4 /* Base */ = {isa = PBXFileReference; lastKnownFileType = file.storyboard; name = Base; path = Base.lproj/Main.storyboard; sourceTree = "<group>"; };
		C37056261F56AC210029C0E4 /* Assets.xcassets */ = {isa = PBXFileReference; lastKnownFileType = folder.assetcatalog; path = Assets.xcassets; sourceTree = "<group>"; };
		C37056291F56AC210029C0E4 /* Base */ = {isa = PBXFileReference; lastKnownFileType = file.storyboard; name = Base; path = Base.lproj/LaunchScreen.storyboard; sourceTree = "<group>"; };
		C370562B1F56AC210029C0E4 /* Info.plist */ = {isa = PBXFileReference; lastKnownFileType = text.plist.xml; path = Info.plist; sourceTree = "<group>"; };
/* End PBXFileReference section */

/* Begin PBXFrameworksBuildPhase section */
		C37056191F56AC210029C0E4 /* Frameworks */ = {
			isa = PBXFrameworksBuildPhase;
			buildActionMask = 2147483647;
			files = (
			);
			runOnlyForDeploymentPostprocessing = 0;
		};
/* End PBXFrameworksBuildPhase section */

/* Begin PBXGroup section */
		C37056131F56AC210029C0E4 = {
			isa = PBXGroup;
			children = (
				C370561E1F56AC210029C0E4 /* ATK_BLE_LECT */,
				C370561D1F56AC210029C0E4 /* Products */,
			);
			sourceTree = "<group>";
		};
		C370561D1F56AC210029C0E4 /* Products */ = {
			isa = PBXGroup;
			children = (
				C370561C1F56AC210029C0E4 /* ATK_BLE_LECT.app */,
			);
			name = Products;
			sourceTree = "<group>";
		};
		C370561E1F56AC210029C0E4 /* ATK_BLE_LECT */ = {
			isa = PBXGroup;
			children = (
				C370561F1F56AC210029C0E4 /* AppDelegate.swift */,
				C37056211F56AC210029C0E4 /* ViewController.swift */,
				C37056231F56AC210029C0E4 /* Main.storyboard */,
				C37056261F56AC210029C0E4 /* Assets.xcassets */,
				C37056281F56AC210029C0E4 /* LaunchScreen.storyboard */,
				C370562B1F56AC210029C0E4 /* Info.plist */,
			);
			path = ATK_BLE_LECT;
			sourceTree = "<group>";
		};
/* End PBXGroup section */

/* Begin PBXNativeTarget section */
		C370561B1F56AC210029C0E4 /* ATK_BLE_LECT */ = {
			isa = PBXNativeTarget;
			buildConfigurationList = C370562E1F56AC210029C0E4 /* Build configuration list for PBXNativeTarget "ATK_BLE_LECT" */;
			buildPhases = (
				C37056181F56AC210029C0E4 /* Sources */,
				C37056191F56AC210029C0E4 /* Frameworks */,
				C370561A1F56AC210029C0E4 /* Resources */,
			);
			buildRules = (
			);
			dependencies = (
			);
			name = ATK_BLE_LECT;
			productName = ATK_BLE_LECT;
			productReference = C370561C1F56AC210029C0E4 /* ATK_BLE_LECT.app */;
			productType = "com.apple.product-type.application";
		};
/* End PBXNativeTarget section */

/* Begin PBXProject section */
		C37056141F56AC210029C0E4 /* Project object */ = {
			isa = PBXProject;
			attributes = {
				LastSwiftUpdateCheck = 0830;
				LastUpgradeCheck = 0830;
				ORGANIZATIONNAME = "Kyi Zar Theint";
				TargetAttributes = {
					C370561B1F56AC210029C0E4 = {
						CreatedOnToolsVersion = 8.3.2;
						DevelopmentTeam = R397SMDAA7;
						ProvisioningStyle = Automatic;
					};
				};
			};
			buildConfigurationList = C37056171F56AC210029C0E4 /* Build configuration list for PBXProject "ATK_BLE_LECT" */;
			compatibilityVersion = "Xcode 3.2";
			developmentRegion = English;
			hasScannedForEncodings = 0;
			knownRegions = (
				en,
				Base,
			);
			mainGroup = C37056131F56AC210029C0E4;
			productRefGroup = C370561D1F56AC210029C0E4 /* Products */;
			projectDirPath = "";
			projectRoot = "";
			targets = (
				C370561B1F56AC210029C0E4 /* ATK_BLE_LECT */,
			);
		};
/* End PBXProject section */

/* Begin PBXResourcesBuildPhase section */
		C370561A1F56AC210029C0E4 /* Resources */ = {
			isa = PBXResourcesBuildPhase;
			buildActionMask = 2147483647;
			files = (
				C370562A1F56AC210029C0E4 /* LaunchScreen.storyboard in Resources */,
				C37056271F56AC210029C0E4 /* Assets.xcassets in Resources */,
				C37056251F56AC210029C0E4 /* Main.storyboard in Resources */,
			);
			runOnlyForDeploymentPostprocessing = 0;
		};
/* End PBXResourcesBuildPhase section */

/* Begin PBXSourcesBuildPhase section */
		C37056181F56AC210029C0E4 /* Sources */ = {
			isa = PBXSourcesBuildPhase;
			buildActionMask = 2147483647;
			files = (
				C37056221F56AC210029C0E4 /* ViewController.swift in Sources */,
				C37056201F56AC210029C0E4 /* AppDelegate.swift in Sources */,
			);
			runOnlyForDeploymentPostprocessing = 0;
		};
/* End PBXSourcesBuildPhase section */

/* Begin PBXVariantGroup section */
		C37056231F56AC210029C0E4 /* Main.storyboard */ = {
			isa = PBXVariantGroup;
			children = (
				C37056241F56AC210029C0E4 /* Base */,
			);
			name = Main.storyboard;
			sourceTree = "<group>";
		};
		C37056281F56AC210029C0E4 /* LaunchScreen.storyboard */ = {
			isa = PBXVariantGroup;
			children = (
				C37056291F56AC210029C0E4 /* Base */,
			);
			name = LaunchScreen.storyboard;
			sourceTree = "<group>";
		};
/* End PBXVariantGroup section */

/* Begin XCBuildConfiguration section */
		C370562C1F56AC210029C0E4 /* Debug */ = {
			isa = XCBuildConfiguration;
			buildSettings = {
				ALWAYS_SEARCH_USER_PATHS = NO;
				CLANG_ANALYZER_NONNULL = YES;
				CLANG_ANALYZER_NUMBER_OBJECT_CONVERSION = YES_AGGRESSIVE;
				CLANG_CXX_LANGUAGE_STANDARD = "gnu++0x";
				CLANG_CXX_LIBRARY = "libc++";
				CLANG_ENABLE_MODULES = YES;
				CLANG_ENABLE_OBJC_ARC = YES;
				CLANG_WARN_BOOL_CONVERSION = YES;
				CLANG_WARN_CONSTANT_CONVERSION = YES;
				CLANG_WARN_DIRECT_OBJC_ISA_USAGE = YES_ERROR;
				CLANG_WARN_DOCUMENTATION_COMMENTS = YES;
				CLANG_WARN_EMPTY_BODY = YES;
				CLANG_WARN_ENUM_CONVERSION = YES;
				CLANG_WARN_INFINITE_RECURSION = YES;
				CLANG_WARN_INT_CONVERSION = YES;
				CLANG_WARN_OBJC_ROOT_CLASS = YES_ERROR;
				CLANG_WARN_SUSPICIOUS_MOVE = YES;
				CLANG_WARN_UNREACHABLE_CODE = YES;
				CLANG_WARN__DUPLICATE_METHOD_MATCH = YES;
				"CODE_SIGN_IDENTITY[sdk=iphoneos*]" = "iPhone Developer";
				COPY_PHASE_STRIP = NO;
				DEBUG_INFORMATION_FORMAT = dwarf;
				ENABLE_STRICT_OBJC_MSGSEND = YES;
				ENABLE_TESTABILITY = YES;
				GCC_C_LANGUAGE_STANDARD = gnu99;
				GCC_DYNAMIC_NO_PIC = NO;
				GCC_NO_COMMON_BLOCKS = YES;
				GCC_OPTIMIZATION_LEVEL = 0;
				GCC_PREPROCESSOR_DEFINITIONS = (
					"DEBUG=1",
					"$(inherited)",
				);
				GCC_WARN_64_TO_32_BIT_CONVERSION = YES;
				GCC_WARN_ABOUT_RETURN_TYPE = YES_ERROR;
				GCC_WARN_UNDECLARED_SELECTOR = YES;
				GCC_WARN_UNINITIALIZED_AUTOS = YES_AGGRESSIVE;
				GCC_WARN_UNUSED_FUNCTION = YES;
				GCC_WARN_UNUSED_VARIABLE = YES;
				IPHONEOS_DEPLOYMENT_TARGET = 10.3;
				MTL_ENABLE_DEBUG_INFO = YES;
				ONLY_ACTIVE_ARCH = YES;
				SDKROOT = iphoneos;
				SWIFT_ACTIVE_COMPILATION_CONDITIONS = DEBUG;
				SWIFT_OPTIMIZATION_LEVEL = "-Onone";
			};
			name = Debug;
		};
		C370562D1F56AC210029C0E4 /* Release */ = {
			isa = XCBuildConfiguration;
			buildSettings = {
				ALWAYS_SEARCH_USER_PATHS = NO;
				CLANG_ANALYZER_NONNULL = YES;
				CLANG_ANALYZER_NUMBER_OBJECT_CONVERSION = YES_AGGRESSIVE;
				CLANG_CXX_LANGUAGE_STANDARD = "gnu++0x";
				CLANG_CXX_LIBRARY = "libc++";
				CLANG_ENABLE_MODULES = YES;
				CLANG_ENABLE_OBJC_ARC = YES;
				CLANG_WARN_BOOL_CONVERSION = YES;
				CLANG_WARN_CONSTANT_CONVERSION = YES;
				CLANG_WARN_DIRECT_OBJC_ISA_USAGE = YES_ERROR;
				CLANG_WARN_DOCUMENTATION_COMMENTS = YES;
				CLANG_WARN_EMPTY_BODY = YES;
				CLANG_WARN_ENUM_CONVERSION = YES;
				CLANG_WARN_INFINITE_RECURSION = YES;
				CLANG_WARN_INT_CONVERSION = YES;
				CLANG_WARN_OBJC_ROOT_CLASS = YES_ERROR;
				CLANG_WARN_SUSPICIOUS_MOVE = YES;
				CLANG_WARN_UNREACHABLE_CODE = YES;
				CLANG_WARN__DUPLICATE_METHOD_MATCH = YES;
				"CODE_SIGN_IDENTITY[sdk=iphoneos*]" = "iPhone Developer";
				COPY_PHASE_STRIP = NO;
				DEBUG_INFORMATION_FORMAT = "dwarf-with-dsym";
				ENABLE_NS_ASSERTIONS = NO;
				ENABLE_STRICT_OBJC_MSGSEND = YES;
				GCC_C_LANGUAGE_STANDARD = gnu99;
				GCC_NO_COMMON_BLOCKS = YES;
				GCC_WARN_64_TO_32_BIT_CONVERSION = YES;
				GCC_WARN_ABOUT_RETURN_TYPE = YES_ERROR;
				GCC_WARN_UNDECLARED_SELECTOR = YES;
				GCC_WARN_UNINITIALIZED_AUTOS = YES_AGGRESSIVE;
				GCC_WARN_UNUSED_FUNCTION = YES;
				GCC_WARN_UNUSED_VARIABLE = YES;
				IPHONEOS_DEPLOYMENT_TARGET = 10.3;
				MTL_ENABLE_DEBUG_INFO = NO;
				SDKROOT = iphoneos;
				SWIFT_OPTIMIZATION_LEVEL = "-Owholemodule";
				VALIDATE_PRODUCT = YES;
			};
			name = Release;
		};
		C370562F1F56AC210029C0E4 /* Debug */ = {
			isa = XCBuildConfiguration;
			buildSettings = {
				ASSETCATALOG_COMPILER_APPICON_NAME = AppIcon;
				DEVELOPMENT_TEAM = R397SMDAA7;
				INFOPLIST_FILE = ATK_BLE_LECT/Info.plist;
				LD_RUNPATH_SEARCH_PATHS = "$(inherited) @executable_path/Frameworks";
				PRODUCT_BUNDLE_IDENTIFIER = "com.kyizar.ATK-BLE-LECT";
				PRODUCT_NAME = "$(TARGET_NAME)";
				SWIFT_VERSION = 3.0;
			};
			name = Debug;
		};
		C37056301F56AC210029C0E4 /* Release */ = {
			isa = XCBuildConfiguration;
			buildSettings = {
				ASSETCATALOG_COMPILER_APPICON_NAME = AppIcon;
				DEVELOPMENT_TEAM = R397SMDAA7;
				INFOPLIST_FILE = ATK_BLE_LECT/Info.plist;
				LD_RUNPATH_SEARCH_PATHS = "$(inherited) @executable_path/Frameworks";
				PRODUCT_BUNDLE_IDENTIFIER = "com.kyizar.ATK-BLE-LECT";
				PRODUCT_NAME = "$(TARGET_NAME)";
				SWIFT_VERSION = 3.0;
			};
			name = Release;
		};
/* End XCBuildConfiguration section */

/* Begin XCConfigurationList section */
		C37056171F56AC210029C0E4 /* Build configuration list for PBXProject "ATK_BLE_LECT" */ = {
			isa = XCConfigurationList;
			buildConfigurations = (
				C370562C1F56AC210029C0E4 /* Debug */,
				C370562D1F56AC210029C0E4 /* Release */,
			);
			defaultConfigurationIsVisible = 0;
			defaultConfigurationName = Release;
		};
		C370562E1F56AC210029C0E4 /* Build configuration list for PBXNativeTarget "ATK_BLE_LECT" */ = {
			isa = XCConfigurationList;
			buildConfigurations = (
				C370562F1F56AC210029C0E4 /* Debug */,
				C37056301F56AC210029C0E4 /* Release */,
			);
			defaultConfigurationIsVisible = 0;
		};
/* End XCConfigurationList section */
	};
	rootObject = C37056141F56AC210029C0E4 /* Project object */;
}
