// !$*UTF8*$!
{
	archiveVersion = 1;
	classes = {
	};
	objectVersion = 46;
	objects = {

/* Begin PBXBuildFile section */
		03FE55C014CED160E1A657CA /* Pods_ATK_BLE_LECT.framework in Frameworks */ = {isa = PBXBuildFile; fileRef = 07AE0174013DF74CEB64F5F6 /* Pods_ATK_BLE_LECT.framework */; };
		C37056201F56AC210029C0E4 /* AppDelegate.swift in Sources */ = {isa = PBXBuildFile; fileRef = C370561F1F56AC210029C0E4 /* AppDelegate.swift */; };
		C37056251F56AC210029C0E4 /* Main.storyboard in Resources */ = {isa = PBXBuildFile; fileRef = C37056231F56AC210029C0E4 /* Main.storyboard */; };
		C37056271F56AC210029C0E4 /* Assets.xcassets in Resources */ = {isa = PBXBuildFile; fileRef = C37056261F56AC210029C0E4 /* Assets.xcassets */; };
		C370562A1F56AC210029C0E4 /* LaunchScreen.storyboard in Resources */ = {isa = PBXBuildFile; fileRef = C37056281F56AC210029C0E4 /* LaunchScreen.storyboard */; };
		C3F472C61F57E45300B0DFD5 /* MoreController.swift in Sources */ = {isa = PBXBuildFile; fileRef = C3F472C51F57E45300B0DFD5 /* MoreController.swift */; };
		E102786A1F5D200400429562 /* items.swift in Sources */ = {isa = PBXBuildFile; fileRef = E10278691F5D200400429562 /* items.swift */; };
		E102786C1F5D24BA00429562 /* classes.swift in Sources */ = {isa = PBXBuildFile; fileRef = E102786B1F5D24BA00429562 /* classes.swift */; };
		E102786E1F5D336400429562 /* FilePath.swift in Sources */ = {isa = PBXBuildFile; fileRef = E102786D1F5D336400429562 /* FilePath.swift */; };
		E10278711F5D396A00429562 /* TimetableController.swift in Sources */ = {isa = PBXBuildFile; fileRef = E102786F1F5D396A00429562 /* TimetableController.swift */; };
		E10278751F5D3A2100429562 /* TimetableCell.swift in Sources */ = {isa = PBXBuildFile; fileRef = E10278731F5D3A2100429562 /* TimetableCell.swift */; };
		E12CA3E51F5F829900597719 /* HistoryCell.swift in Sources */ = {isa = PBXBuildFile; fileRef = E12CA3E41F5F829900597719 /* HistoryCell.swift */; };
		E12CA3E71F5F90C100597719 /* HistoryController.swift in Sources */ = {isa = PBXBuildFile; fileRef = E12CA3E61F5F90C100597719 /* HistoryController.swift */; };
		E12CA3E91F5FA26300597719 /* HistoryDaySelectController.swift in Sources */ = {isa = PBXBuildFile; fileRef = E12CA3E81F5FA26300597719 /* HistoryDaySelectController.swift */; };
		E12CA3EE1F5FC21800597719 /* HistoryDayController.swift in Sources */ = {isa = PBXBuildFile; fileRef = E12CA3ED1F5FC21800597719 /* HistoryDayController.swift */; };
		E12CA3F01F5FD63200597719 /* HistoryLessonController.swift in Sources */ = {isa = PBXBuildFile; fileRef = E12CA3EF1F5FD63200597719 /* HistoryLessonController.swift */; };
		E144D4501F5D1BDC00667DBD /* NowController.swift in Sources */ = {isa = PBXBuildFile; fileRef = E144D44E1F5D1BDC00667DBD /* NowController.swift */; };
		E144D4551F5D1C4B00667DBD /* LoginController.swift in Sources */ = {isa = PBXBuildFile; fileRef = E144D4531F5D1C4B00667DBD /* LoginController.swift */; };
		E166BB771F5E2C1200EE41EF /* MonitorController.swift in Sources */ = {isa = PBXBuildFile; fileRef = E166BB761F5E2C1100EE41EF /* MonitorController.swift */; };
		E166BB811F5E3B8000EE41EF /* LessonDetailController.swift in Sources */ = {isa = PBXBuildFile; fileRef = E166BB801F5E3B8000EE41EF /* LessonDetailController.swift */; };
		E166BB841F5E740100EE41EF /* StudentCell.swift in Sources */ = {isa = PBXBuildFile; fileRef = E166BB821F5E740100EE41EF /* StudentCell.swift */; };
		E1959D2A1F6131910015F171 /* ChangePasswordController.swift in Sources */ = {isa = PBXBuildFile; fileRef = E1959D291F6131910015F171 /* ChangePasswordController.swift */; };
/* End PBXBuildFile section */

/* Begin PBXFileReference section */
		07AE0174013DF74CEB64F5F6 /* Pods_ATK_BLE_LECT.framework */ = {isa = PBXFileReference; explicitFileType = wrapper.framework; includeInIndex = 0; path = Pods_ATK_BLE_LECT.framework; sourceTree = BUILT_PRODUCTS_DIR; };
		544E12D0B43865596979C85F /* Pods-ATK_BLE_LECT.debug.xcconfig */ = {isa = PBXFileReference; includeInIndex = 1; lastKnownFileType = text.xcconfig; name = "Pods-ATK_BLE_LECT.debug.xcconfig"; path = "Pods/Target Support Files/Pods-ATK_BLE_LECT/Pods-ATK_BLE_LECT.debug.xcconfig"; sourceTree = "<group>"; };
		64C757FED898EBE179B47739 /* Pods-ATK_BLE_LECT.release.xcconfig */ = {isa = PBXFileReference; includeInIndex = 1; lastKnownFileType = text.xcconfig; name = "Pods-ATK_BLE_LECT.release.xcconfig"; path = "Pods/Target Support Files/Pods-ATK_BLE_LECT/Pods-ATK_BLE_LECT.release.xcconfig"; sourceTree = "<group>"; };
		C370561C1F56AC210029C0E4 /* ATK_BLE_LECT.app */ = {isa = PBXFileReference; explicitFileType = wrapper.application; includeInIndex = 0; path = ATK_BLE_LECT.app; sourceTree = BUILT_PRODUCTS_DIR; };
		C370561F1F56AC210029C0E4 /* AppDelegate.swift */ = {isa = PBXFileReference; lastKnownFileType = sourcecode.swift; path = AppDelegate.swift; sourceTree = "<group>"; };
		C37056241F56AC210029C0E4 /* Base */ = {isa = PBXFileReference; lastKnownFileType = file.storyboard; name = Base; path = Base.lproj/Main.storyboard; sourceTree = "<group>"; };
		C37056261F56AC210029C0E4 /* Assets.xcassets */ = {isa = PBXFileReference; lastKnownFileType = folder.assetcatalog; path = Assets.xcassets; sourceTree = "<group>"; };
		C37056291F56AC210029C0E4 /* Base */ = {isa = PBXFileReference; lastKnownFileType = file.storyboard; name = Base; path = Base.lproj/LaunchScreen.storyboard; sourceTree = "<group>"; };
		C370562B1F56AC210029C0E4 /* Info.plist */ = {isa = PBXFileReference; lastKnownFileType = text.plist.xml; path = Info.plist; sourceTree = "<group>"; };
		C3F472C51F57E45300B0DFD5 /* MoreController.swift */ = {isa = PBXFileReference; fileEncoding = 4; lastKnownFileType = sourcecode.swift; path = MoreController.swift; sourceTree = "<group>"; };
		E10278691F5D200400429562 /* items.swift */ = {isa = PBXFileReference; fileEncoding = 4; lastKnownFileType = sourcecode.swift; path = items.swift; sourceTree = "<group>"; };
		E102786B1F5D24BA00429562 /* classes.swift */ = {isa = PBXFileReference; fileEncoding = 4; lastKnownFileType = sourcecode.swift; path = classes.swift; sourceTree = "<group>"; };
		E102786D1F5D336400429562 /* FilePath.swift */ = {isa = PBXFileReference; fileEncoding = 4; lastKnownFileType = sourcecode.swift; path = FilePath.swift; sourceTree = "<group>"; };
		E102786F1F5D396A00429562 /* TimetableController.swift */ = {isa = PBXFileReference; fileEncoding = 4; lastKnownFileType = sourcecode.swift; path = TimetableController.swift; sourceTree = "<group>"; };
		E10278731F5D3A2100429562 /* TimetableCell.swift */ = {isa = PBXFileReference; fileEncoding = 4; lastKnownFileType = sourcecode.swift; path = TimetableCell.swift; sourceTree = "<group>"; };
		E12CA3E41F5F829900597719 /* HistoryCell.swift */ = {isa = PBXFileReference; fileEncoding = 4; lastKnownFileType = sourcecode.swift; path = HistoryCell.swift; sourceTree = "<group>"; };
		E12CA3E61F5F90C100597719 /* HistoryController.swift */ = {isa = PBXFileReference; fileEncoding = 4; lastKnownFileType = sourcecode.swift; path = HistoryController.swift; sourceTree = "<group>"; };
		E12CA3E81F5FA26300597719 /* HistoryDaySelectController.swift */ = {isa = PBXFileReference; fileEncoding = 4; lastKnownFileType = sourcecode.swift; path = HistoryDaySelectController.swift; sourceTree = "<group>"; };
		E12CA3ED1F5FC21800597719 /* HistoryDayController.swift */ = {isa = PBXFileReference; fileEncoding = 4; lastKnownFileType = sourcecode.swift; path = HistoryDayController.swift; sourceTree = "<group>"; };
		E12CA3EF1F5FD63200597719 /* HistoryLessonController.swift */ = {isa = PBXFileReference; fileEncoding = 4; lastKnownFileType = sourcecode.swift; path = HistoryLessonController.swift; sourceTree = "<group>"; };
		E144D44E1F5D1BDC00667DBD /* NowController.swift */ = {isa = PBXFileReference; fileEncoding = 4; lastKnownFileType = sourcecode.swift; path = NowController.swift; sourceTree = "<group>"; };
		E144D4531F5D1C4B00667DBD /* LoginController.swift */ = {isa = PBXFileReference; fileEncoding = 4; lastKnownFileType = sourcecode.swift; path = LoginController.swift; sourceTree = "<group>"; };
		E166BB761F5E2C1100EE41EF /* MonitorController.swift */ = {isa = PBXFileReference; fileEncoding = 4; lastKnownFileType = sourcecode.swift; path = MonitorController.swift; sourceTree = "<group>"; };
		E166BB801F5E3B8000EE41EF /* LessonDetailController.swift */ = {isa = PBXFileReference; fileEncoding = 4; lastKnownFileType = sourcecode.swift; path = LessonDetailController.swift; sourceTree = "<group>"; };
		E166BB821F5E740100EE41EF /* StudentCell.swift */ = {isa = PBXFileReference; fileEncoding = 4; lastKnownFileType = sourcecode.swift; path = StudentCell.swift; sourceTree = "<group>"; };
		E1959D291F6131910015F171 /* ChangePasswordController.swift */ = {isa = PBXFileReference; fileEncoding = 4; lastKnownFileType = sourcecode.swift; path = ChangePasswordController.swift; sourceTree = "<group>"; };
/* End PBXFileReference section */

/* Begin PBXFrameworksBuildPhase section */
		C37056191F56AC210029C0E4 /* Frameworks */ = {
			isa = PBXFrameworksBuildPhase;
			buildActionMask = 2147483647;
			files = (
				03FE55C014CED160E1A657CA /* Pods_ATK_BLE_LECT.framework in Frameworks */,
			);
			runOnlyForDeploymentPostprocessing = 0;
		};
/* End PBXFrameworksBuildPhase section */

/* Begin PBXGroup section */
		760FF76DED9CEA3D01E01C78 /* Pods */ = {
			isa = PBXGroup;
			children = (
				544E12D0B43865596979C85F /* Pods-ATK_BLE_LECT.debug.xcconfig */,
				64C757FED898EBE179B47739 /* Pods-ATK_BLE_LECT.release.xcconfig */,
			);
			name = Pods;
			sourceTree = "<group>";
		};
		78443636D3AC7C0F8BF9FF1C /* Frameworks */ = {
			isa = PBXGroup;
			children = (
				07AE0174013DF74CEB64F5F6 /* Pods_ATK_BLE_LECT.framework */,
			);
			name = Frameworks;
			sourceTree = "<group>";
		};
		C37056131F56AC210029C0E4 = {
			isa = PBXGroup;
			children = (
				C370561E1F56AC210029C0E4 /* ATK_BLE_LECT */,
				C370561D1F56AC210029C0E4 /* Products */,
				760FF76DED9CEA3D01E01C78 /* Pods */,
				78443636D3AC7C0F8BF9FF1C /* Frameworks */,
			);
			sourceTree = "<group>";
		};
		C370561D1F56AC210029C0E4 /* Products */ = {
			isa = PBXGroup;
			children = (
				C370561C1F56AC210029C0E4 /* ATK_BLE_LECT.app */,
			);
			name = Products;
			sourceTree = "<group>";
		};
		C370561E1F56AC210029C0E4 /* ATK_BLE_LECT */ = {
			isa = PBXGroup;
			children = (
				E10278681F5D1FF100429562 /* Entity */,
				E10278671F5D1FDE00429562 /* Controllers */,
				C37056231F56AC210029C0E4 /* Main.storyboard */,
				E144D44D1F5D1B7400667DBD /* Supporting files */,
			);
			path = ATK_BLE_LECT;
			sourceTree = "<group>";
		};
		E10278671F5D1FDE00429562 /* Controllers */ = {
			isa = PBXGroup;
			children = (
				E12CA3E31F5F827500597719 /* Cells */,
				C370561F1F56AC210029C0E4 /* AppDelegate.swift */,
				E144D44E1F5D1BDC00667DBD /* NowController.swift */,
				E102786F1F5D396A00429562 /* TimetableController.swift */,
				E166BB801F5E3B8000EE41EF /* LessonDetailController.swift */,
				E144D4531F5D1C4B00667DBD /* LoginController.swift */,
				E166BB761F5E2C1100EE41EF /* MonitorController.swift */,
				C3F472C51F57E45300B0DFD5 /* MoreController.swift */,
				E1959D291F6131910015F171 /* ChangePasswordController.swift */,
				E12CA3EC1F5FC19900597719 /* History */,
			);
			name = Controllers;
			sourceTree = "<group>";
		};
		E10278681F5D1FF100429562 /* Entity */ = {
			isa = PBXGroup;
			children = (
				E10278691F5D200400429562 /* items.swift */,
				E102786B1F5D24BA00429562 /* classes.swift */,
				E102786D1F5D336400429562 /* FilePath.swift */,
			);
			name = Entity;
			sourceTree = "<group>";
		};
		E12CA3E31F5F827500597719 /* Cells */ = {
			isa = PBXGroup;
			children = (
				E166BB821F5E740100EE41EF /* StudentCell.swift */,
				E10278731F5D3A2100429562 /* TimetableCell.swift */,
				E12CA3E41F5F829900597719 /* HistoryCell.swift */,
			);
			name = Cells;
			sourceTree = "<group>";
		};
		E12CA3EC1F5FC19900597719 /* History */ = {
			isa = PBXGroup;
			children = (
				E12CA3E61F5F90C100597719 /* HistoryController.swift */,
				E12CA3E81F5FA26300597719 /* HistoryDaySelectController.swift */,
				E12CA3ED1F5FC21800597719 /* HistoryDayController.swift */,
				E12CA3EF1F5FD63200597719 /* HistoryLessonController.swift */,
			);
			name = History;
			sourceTree = "<group>";
		};
		E144D44D1F5D1B7400667DBD /* Supporting files */ = {
			isa = PBXGroup;
			children = (
				C37056261F56AC210029C0E4 /* Assets.xcassets */,
				C37056281F56AC210029C0E4 /* LaunchScreen.storyboard */,
				C370562B1F56AC210029C0E4 /* Info.plist */,
			);
			name = "Supporting files";
			sourceTree = "<group>";
		};
/* End PBXGroup section */

/* Begin PBXNativeTarget section */
		C370561B1F56AC210029C0E4 /* ATK_BLE_LECT */ = {
			isa = PBXNativeTarget;
			buildConfigurationList = C370562E1F56AC210029C0E4 /* Build configuration list for PBXNativeTarget "ATK_BLE_LECT" */;
			buildPhases = (
				ACD09DFBA369DC426BD40250 /* [CP] Check Pods Manifest.lock */,
				C37056181F56AC210029C0E4 /* Sources */,
				C37056191F56AC210029C0E4 /* Frameworks */,
				C370561A1F56AC210029C0E4 /* Resources */,
				DAF4360B742F85251E4B87B1 /* [CP] Embed Pods Frameworks */,
				8F1F9518A50FAE4C97D4B68D /* [CP] Copy Pods Resources */,
			);
			buildRules = (
			);
			dependencies = (
			);
			name = ATK_BLE_LECT;
			productName = ATK_BLE_LECT;
			productReference = C370561C1F56AC210029C0E4 /* ATK_BLE_LECT.app */;
			productType = "com.apple.product-type.application";
		};
/* End PBXNativeTarget section */

/* Begin PBXProject section */
		C37056141F56AC210029C0E4 /* Project object */ = {
			isa = PBXProject;
			attributes = {
				LastSwiftUpdateCheck = 0830;
				LastUpgradeCheck = 0900;
				ORGANIZATIONNAME = "Kyi Zar Theint";
				TargetAttributes = {
					C370561B1F56AC210029C0E4 = {
						CreatedOnToolsVersion = 8.3.2;
						DevelopmentTeam = EH5BAL5EWL;
						LastSwiftMigration = 0900;
						ProvisioningStyle = Automatic;
						SystemCapabilities = {
							com.apple.BackgroundModes = {
								enabled = 1;
							};
						};
					};
				};
			};
			buildConfigurationList = C37056171F56AC210029C0E4 /* Build configuration list for PBXProject "ATK_BLE_LECT" */;
			compatibilityVersion = "Xcode 3.2";
			developmentRegion = English;
			hasScannedForEncodings = 0;
			knownRegions = (
				en,
				Base,
			);
			mainGroup = C37056131F56AC210029C0E4;
			productRefGroup = C370561D1F56AC210029C0E4 /* Products */;
			projectDirPath = "";
			projectRoot = "";
			targets = (
				C370561B1F56AC210029C0E4 /* ATK_BLE_LECT */,
			);
		};
/* End PBXProject section */

/* Begin PBXResourcesBuildPhase section */
		C370561A1F56AC210029C0E4 /* Resources */ = {
			isa = PBXResourcesBuildPhase;
			buildActionMask = 2147483647;
			files = (
				C370562A1F56AC210029C0E4 /* LaunchScreen.storyboard in Resources */,
				C37056271F56AC210029C0E4 /* Assets.xcassets in Resources */,
				C37056251F56AC210029C0E4 /* Main.storyboard in Resources */,
			);
			runOnlyForDeploymentPostprocessing = 0;
		};
/* End PBXResourcesBuildPhase section */

/* Begin PBXShellScriptBuildPhase section */
		8F1F9518A50FAE4C97D4B68D /* [CP] Copy Pods Resources */ = {
			isa = PBXShellScriptBuildPhase;
			buildActionMask = 2147483647;
			files = (
			);
			inputPaths = (
			);
			name = "[CP] Copy Pods Resources";
			outputPaths = (
			);
			runOnlyForDeploymentPostprocessing = 0;
			shellPath = /bin/sh;
			shellScript = "\"${SRCROOT}/Pods/Target Support Files/Pods-ATK_BLE_LECT/Pods-ATK_BLE_LECT-resources.sh\"\n";
			showEnvVarsInLog = 0;
		};
		ACD09DFBA369DC426BD40250 /* [CP] Check Pods Manifest.lock */ = {
			isa = PBXShellScriptBuildPhase;
			buildActionMask = 2147483647;
			files = (
			);
			inputPaths = (
				"${PODS_PODFILE_DIR_PATH}/Podfile.lock",
				"${PODS_ROOT}/Manifest.lock",
			);
			name = "[CP] Check Pods Manifest.lock";
			outputPaths = (
				"$(DERIVED_FILE_DIR)/Pods-ATK_BLE_LECT-checkManifestLockResult.txt",
			);
			runOnlyForDeploymentPostprocessing = 0;
			shellPath = /bin/sh;
			shellScript = "diff \"${PODS_PODFILE_DIR_PATH}/Podfile.lock\" \"${PODS_ROOT}/Manifest.lock\" > /dev/null\nif [ $? != 0 ] ; then\n    # print error to STDERR\n    echo \"error: The sandbox is not in sync with the Podfile.lock. Run 'pod install' or update your CocoaPods installation.\" >&2\n    exit 1\nfi\n# This output is used by Xcode 'outputs' to avoid re-running this script phase.\necho \"SUCCESS\" > \"${SCRIPT_OUTPUT_FILE_0}\"\n";
			showEnvVarsInLog = 0;
		};
		DAF4360B742F85251E4B87B1 /* [CP] Embed Pods Frameworks */ = {
			isa = PBXShellScriptBuildPhase;
			buildActionMask = 2147483647;
			files = (
			);
			inputPaths = (
				"${SRCROOT}/Pods/Target Support Files/Pods-ATK_BLE_LECT/Pods-ATK_BLE_LECT-frameworks.sh",
				"${BUILT_PRODUCTS_DIR}/Alamofire/Alamofire.framework",
				"${BUILT_PRODUCTS_DIR}/SwiftyBeaver/SwiftyBeaver.framework",
				"${BUILT_PRODUCTS_DIR}/SwiftyTimer/SwiftyTimer.framework",
			);
			name = "[CP] Embed Pods Frameworks";
			outputPaths = (
				"${TARGET_BUILD_DIR}/${FRAMEWORKS_FOLDER_PATH}/Alamofire.framework",
				"${TARGET_BUILD_DIR}/${FRAMEWORKS_FOLDER_PATH}/SwiftyBeaver.framework",
				"${TARGET_BUILD_DIR}/${FRAMEWORKS_FOLDER_PATH}/SwiftyTimer.framework",
			);
			runOnlyForDeploymentPostprocessing = 0;
			shellPath = /bin/sh;
			shellScript = "\"${SRCROOT}/Pods/Target Support Files/Pods-ATK_BLE_LECT/Pods-ATK_BLE_LECT-frameworks.sh\"\n";
			showEnvVarsInLog = 0;
		};
/* End PBXShellScriptBuildPhase section */

/* Begin PBXSourcesBuildPhase section */
		C37056181F56AC210029C0E4 /* Sources */ = {
			isa = PBXSourcesBuildPhase;
			buildActionMask = 2147483647;
			files = (
				E144D4501F5D1BDC00667DBD /* NowController.swift in Sources */,
				E10278751F5D3A2100429562 /* TimetableCell.swift in Sources */,
				E102786A1F5D200400429562 /* items.swift in Sources */,
				E12CA3E51F5F829900597719 /* HistoryCell.swift in Sources */,
				E166BB841F5E740100EE41EF /* StudentCell.swift in Sources */,
				E12CA3F01F5FD63200597719 /* HistoryLessonController.swift in Sources */,
				E144D4551F5D1C4B00667DBD /* LoginController.swift in Sources */,
				E166BB771F5E2C1200EE41EF /* MonitorController.swift in Sources */,
				E166BB811F5E3B8000EE41EF /* LessonDetailController.swift in Sources */,
				E102786C1F5D24BA00429562 /* classes.swift in Sources */,
				E12CA3EE1F5FC21800597719 /* HistoryDayController.swift in Sources */,
				E102786E1F5D336400429562 /* FilePath.swift in Sources */,
				E12CA3E71F5F90C100597719 /* HistoryController.swift in Sources */,
				C3F472C61F57E45300B0DFD5 /* MoreController.swift in Sources */,
				E1959D2A1F6131910015F171 /* ChangePasswordController.swift in Sources */,
				C37056201F56AC210029C0E4 /* AppDelegate.swift in Sources */,
				E10278711F5D396A00429562 /* TimetableController.swift in Sources */,
				E12CA3E91F5FA26300597719 /* HistoryDaySelectController.swift in Sources */,
			);
			runOnlyForDeploymentPostprocessing = 0;
		};
/* End PBXSourcesBuildPhase section */

/* Begin PBXVariantGroup section */
		C37056231F56AC210029C0E4 /* Main.storyboard */ = {
			isa = PBXVariantGroup;
			children = (
				C37056241F56AC210029C0E4 /* Base */,
			);
			name = Main.storyboard;
			sourceTree = "<group>";
		};
		C37056281F56AC210029C0E4 /* LaunchScreen.storyboard */ = {
			isa = PBXVariantGroup;
			children = (
				C37056291F56AC210029C0E4 /* Base */,
			);
			name = LaunchScreen.storyboard;
			sourceTree = "<group>";
		};
/* End PBXVariantGroup section */

/* Begin XCBuildConfiguration section */
		C370562C1F56AC210029C0E4 /* Debug */ = {
			isa = XCBuildConfiguration;
			buildSettings = {
				ALWAYS_SEARCH_USER_PATHS = NO;
				CLANG_ANALYZER_NONNULL = YES;
				CLANG_ANALYZER_NUMBER_OBJECT_CONVERSION = YES_AGGRESSIVE;
				CLANG_CXX_LANGUAGE_STANDARD = "gnu++0x";
				CLANG_CXX_LIBRARY = "libc++";
				CLANG_ENABLE_MODULES = YES;
				CLANG_ENABLE_OBJC_ARC = YES;
				CLANG_WARN_BLOCK_CAPTURE_AUTORELEASING = YES;
				CLANG_WARN_BOOL_CONVERSION = YES;
				CLANG_WARN_COMMA = YES;
				CLANG_WARN_CONSTANT_CONVERSION = YES;
				CLANG_WARN_DIRECT_OBJC_ISA_USAGE = YES_ERROR;
				CLANG_WARN_DOCUMENTATION_COMMENTS = YES;
				CLANG_WARN_EMPTY_BODY = YES;
				CLANG_WARN_ENUM_CONVERSION = YES;
				CLANG_WARN_INFINITE_RECURSION = YES;
				CLANG_WARN_INT_CONVERSION = YES;
				CLANG_WARN_NON_LITERAL_NULL_CONVERSION = YES;
				CLANG_WARN_OBJC_LITERAL_CONVERSION = YES;
				CLANG_WARN_OBJC_ROOT_CLASS = YES_ERROR;
				CLANG_WARN_RANGE_LOOP_ANALYSIS = YES;
				CLANG_WARN_STRICT_PROTOTYPES = YES;
				CLANG_WARN_SUSPICIOUS_MOVE = YES;
				CLANG_WARN_UNREACHABLE_CODE = YES;
				CLANG_WARN__DUPLICATE_METHOD_MATCH = YES;
				"CODE_SIGN_IDENTITY[sdk=iphoneos*]" = "iPhone Developer";
				COPY_PHASE_STRIP = NO;
				DEBUG_INFORMATION_FORMAT = dwarf;
				ENABLE_STRICT_OBJC_MSGSEND = YES;
				ENABLE_TESTABILITY = YES;
				GCC_C_LANGUAGE_STANDARD = gnu99;
				GCC_DYNAMIC_NO_PIC = NO;
				GCC_NO_COMMON_BLOCKS = YES;
				GCC_OPTIMIZATION_LEVEL = 0;
				GCC_PREPROCESSOR_DEFINITIONS = (
					"DEBUG=1",
					"$(inherited)",
				);
				GCC_WARN_64_TO_32_BIT_CONVERSION = YES;
				GCC_WARN_ABOUT_RETURN_TYPE = YES_ERROR;
				GCC_WARN_UNDECLARED_SELECTOR = YES;
				GCC_WARN_UNINITIALIZED_AUTOS = YES_AGGRESSIVE;
				GCC_WARN_UNUSED_FUNCTION = YES;
				GCC_WARN_UNUSED_VARIABLE = YES;
				IPHONEOS_DEPLOYMENT_TARGET = 10.3;
				MTL_ENABLE_DEBUG_INFO = YES;
				ONLY_ACTIVE_ARCH = YES;
				SDKROOT = iphoneos;
				SWIFT_ACTIVE_COMPILATION_CONDITIONS = DEBUG;
				SWIFT_OPTIMIZATION_LEVEL = "-Onone";
			};
			name = Debug;
		};
		C370562D1F56AC210029C0E4 /* Release */ = {
			isa = XCBuildConfiguration;
			buildSettings = {
				ALWAYS_SEARCH_USER_PATHS = NO;
				CLANG_ANALYZER_NONNULL = YES;
				CLANG_ANALYZER_NUMBER_OBJECT_CONVERSION = YES_AGGRESSIVE;
				CLANG_CXX_LANGUAGE_STANDARD = "gnu++0x";
				CLANG_CXX_LIBRARY = "libc++";
				CLANG_ENABLE_MODULES = YES;
				CLANG_ENABLE_OBJC_ARC = YES;
				CLANG_WARN_BLOCK_CAPTURE_AUTORELEASING = YES;
				CLANG_WARN_BOOL_CONVERSION = YES;
				CLANG_WARN_COMMA = YES;
				CLANG_WARN_CONSTANT_CONVERSION = YES;
				CLANG_WARN_DIRECT_OBJC_ISA_USAGE = YES_ERROR;
				CLANG_WARN_DOCUMENTATION_COMMENTS = YES;
				CLANG_WARN_EMPTY_BODY = YES;
				CLANG_WARN_ENUM_CONVERSION = YES;
				CLANG_WARN_INFINITE_RECURSION = YES;
				CLANG_WARN_INT_CONVERSION = YES;
				CLANG_WARN_NON_LITERAL_NULL_CONVERSION = YES;
				CLANG_WARN_OBJC_LITERAL_CONVERSION = YES;
				CLANG_WARN_OBJC_ROOT_CLASS = YES_ERROR;
				CLANG_WARN_RANGE_LOOP_ANALYSIS = YES;
				CLANG_WARN_STRICT_PROTOTYPES = YES;
				CLANG_WARN_SUSPICIOUS_MOVE = YES;
				CLANG_WARN_UNREACHABLE_CODE = YES;
				CLANG_WARN__DUPLICATE_METHOD_MATCH = YES;
				"CODE_SIGN_IDENTITY[sdk=iphoneos*]" = "iPhone Developer";
				COPY_PHASE_STRIP = NO;
				DEBUG_INFORMATION_FORMAT = "dwarf-with-dsym";
				ENABLE_NS_ASSERTIONS = NO;
				ENABLE_STRICT_OBJC_MSGSEND = YES;
				GCC_C_LANGUAGE_STANDARD = gnu99;
				GCC_NO_COMMON_BLOCKS = YES;
				GCC_WARN_64_TO_32_BIT_CONVERSION = YES;
				GCC_WARN_ABOUT_RETURN_TYPE = YES_ERROR;
				GCC_WARN_UNDECLARED_SELECTOR = YES;
				GCC_WARN_UNINITIALIZED_AUTOS = YES_AGGRESSIVE;
				GCC_WARN_UNUSED_FUNCTION = YES;
				GCC_WARN_UNUSED_VARIABLE = YES;
				IPHONEOS_DEPLOYMENT_TARGET = 10.3;
				MTL_ENABLE_DEBUG_INFO = NO;
				SDKROOT = iphoneos;
				SWIFT_OPTIMIZATION_LEVEL = "-Owholemodule";
				VALIDATE_PRODUCT = YES;
			};
			name = Release;
		};
		C370562F1F56AC210029C0E4 /* Debug */ = {
			isa = XCBuildConfiguration;
			baseConfigurationReference = 544E12D0B43865596979C85F /* Pods-ATK_BLE_LECT.debug.xcconfig */;
			buildSettings = {
				ALWAYS_EMBED_SWIFT_STANDARD_LIBRARIES = YES;
				ASSETCATALOG_COMPILER_APPICON_NAME = AppIcon;
				DEVELOPMENT_TEAM = EH5BAL5EWL;
				INFOPLIST_FILE = ATK_BLE_LECT/Info.plist;
				LD_RUNPATH_SEARCH_PATHS = "$(inherited) @executable_path/Frameworks";
				PRODUCT_BUNDLE_IDENTIFIER = "com.ATK-BLE-LECTt";
				PRODUCT_NAME = "$(TARGET_NAME)";
				SWIFT_SWIFT3_OBJC_INFERENCE = Default;
				SWIFT_VERSION = 4.0;
			};
			name = Debug;
		};
		C37056301F56AC210029C0E4 /* Release */ = {
			isa = XCBuildConfiguration;
			baseConfigurationReference = 64C757FED898EBE179B47739 /* Pods-ATK_BLE_LECT.release.xcconfig */;
			buildSettings = {
				ALWAYS_EMBED_SWIFT_STANDARD_LIBRARIES = YES;
				ASSETCATALOG_COMPILER_APPICON_NAME = AppIcon;
				DEVELOPMENT_TEAM = EH5BAL5EWL;
				INFOPLIST_FILE = ATK_BLE_LECT/Info.plist;
				LD_RUNPATH_SEARCH_PATHS = "$(inherited) @executable_path/Frameworks";
				PRODUCT_BUNDLE_IDENTIFIER = "com.ATK-BLE-LECTt";
				PRODUCT_NAME = "$(TARGET_NAME)";
				SWIFT_SWIFT3_OBJC_INFERENCE = Default;
				SWIFT_VERSION = 4.0;
			};
			name = Release;
		};
/* End XCBuildConfiguration section */

/* Begin XCConfigurationList section */
		C37056171F56AC210029C0E4 /* Build configuration list for PBXProject "ATK_BLE_LECT" */ = {
			isa = XCConfigurationList;
			buildConfigurations = (
				C370562C1F56AC210029C0E4 /* Debug */,
				C370562D1F56AC210029C0E4 /* Release */,
			);
			defaultConfigurationIsVisible = 0;
			defaultConfigurationName = Release;
		};
		C370562E1F56AC210029C0E4 /* Build configuration list for PBXNativeTarget "ATK_BLE_LECT" */ = {
			isa = XCConfigurationList;
			buildConfigurations = (
				C370562F1F56AC210029C0E4 /* Debug */,
				C37056301F56AC210029C0E4 /* Release */,
			);
			defaultConfigurationIsVisible = 0;
			defaultConfigurationName = Release;
		};
/* End XCConfigurationList section */
	};
	rootObject = C37056141F56AC210029C0E4 /* Project object */;
}
